
Microsoft Visual Studio Solution File, Format Version 12.00
# Visual Studio 2013
VisualStudioVersion = 12.0.31101.0
MinimumVisualStudioVersion = 10.0.40219.1
Project("{FAE04EC0-301F-11D3-BF4B-00C04F79EFBC}") = "MGAsite", "MGAsite\MGAsite.csproj", "{C71E47AE-4576-480C-A44F-0265454D4AAB}"
EndProject
Project("{FAE04EC0-301F-11D3-BF4B-00C04F79EFBC}") = "MGAsite.Tests", "MGAsite.Tests\MGAsite.Tests.csproj", "{2F486B65-8249-4654-8802-AAB2E08BF294}"
EndProject
Global
	GlobalSection(SolutionConfigurationPlatforms) = preSolution
		Debug|Any CPU = Debug|Any CPU
		Release|Any CPU = Release|Any CPU
	EndGlobalSection
	GlobalSection(ProjectConfigurationPlatforms) = postSolution
		{C71E47AE-4576-480C-A44F-0265454D4AAB}.Debug|Any CPU.ActiveCfg = Debug|Any CPU
		{C71E47AE-4576-480C-A44F-0265454D4AAB}.Debug|Any CPU.Build.0 = Debug|Any CPU
		{C71E47AE-4576-480C-A44F-0265454D4AAB}.Release|Any CPU.ActiveCfg = Release|Any CPU
		{C71E47AE-4576-480C-A44F-0265454D4AAB}.Release|Any CPU.Build.0 = Release|Any CPU
		{2F486B65-8249-4654-8802-AAB2E08BF294}.Debug|Any CPU.ActiveCfg = Debug|Any CPU
		{2F486B65-8249-4654-8802-AAB2E08BF294}.Debug|Any CPU.Build.0 = Debug|Any CPU
		{2F486B65-8249-4654-8802-AAB2E08BF294}.Release|Any CPU.ActiveCfg = Release|Any CPU
		{2F486B65-8249-4654-8802-AAB2E08BF294}.Release|Any CPU.Build.0 = Release|Any CPU
	EndGlobalSection
	GlobalSection(SolutionProperties) = preSolution
		HideSolutionNode = FALSE
	EndGlobalSection
EndGlobal
